
Microsoft Visual Studio Solution File, Format Version 12.00
# Visual Studio Version 17
VisualStudioVersion = 17.4.33122.133
MinimumVisualStudioVersion = 10.0.40219.1
Project("{FAE04EC0-301F-11D3-BF4B-00C04F79EFBC}") = "mvc-task2-2", "mvc-task2-2\mvc-task2-2.csproj", "{67F4C3A2-12C9-4175-A012-8C5DDF02108E}"
EndProject
Global
	GlobalSection(SolutionConfigurationPlatforms) = preSolution
		Debug|Any CPU = Debug|Any CPU
		Release|Any CPU = Release|Any CPU
	EndGlobalSection
	GlobalSection(ProjectConfigurationPlatforms) = postSolution
		{67F4C3A2-12C9-4175-A012-8C5DDF02108E}.Debug|Any CPU.ActiveCfg = Debug|Any CPU
		{67F4C3A2-12C9-4175-A012-8C5DDF02108E}.Debug|Any CPU.Build.0 = Debug|Any CPU
		{67F4C3A2-12C9-4175-A012-8C5DDF02108E}.Release|Any CPU.ActiveCfg = Release|Any CPU
		{67F4C3A2-12C9-4175-A012-8C5DDF02108E}.Release|Any CPU.Build.0 = Release|Any CPU
	EndGlobalSection
	GlobalSection(SolutionProperties) = preSolution
		HideSolutionNode = FALSE
	EndGlobalSection
	GlobalSection(ExtensibilityGlobals) = postSolution
		SolutionGuid = {16457B0A-11A7-4EE0-AA9F-921688AF9873}
	EndGlobalSection
EndGlobal
