
Microsoft Visual Studio Solution File, Format Version 12.00
# Visual Studio Version 17
VisualStudioVersion = 17.4.33122.133
MinimumVisualStudioVersion = 10.0.40219.1
Project("{FAE04EC0-301F-11D3-BF4B-00C04F79EFBC}") = "codefirst-9-2", "codefirst-9-2\codefirst-9-2.csproj", "{70041A2A-9A40-4D92-B315-C0920AE46310}"
EndProject
Global
	GlobalSection(SolutionConfigurationPlatforms) = preSolution
		Debug|Any CPU = Debug|Any CPU
		Release|Any CPU = Release|Any CPU
	EndGlobalSection
	GlobalSection(ProjectConfigurationPlatforms) = postSolution
		{70041A2A-9A40-4D92-B315-C0920AE46310}.Debug|Any CPU.ActiveCfg = Debug|Any CPU
		{70041A2A-9A40-4D92-B315-C0920AE46310}.Debug|Any CPU.Build.0 = Debug|Any CPU
		{70041A2A-9A40-4D92-B315-C0920AE46310}.Release|Any CPU.ActiveCfg = Release|Any CPU
		{70041A2A-9A40-4D92-B315-C0920AE46310}.Release|Any CPU.Build.0 = Release|Any CPU
	EndGlobalSection
	GlobalSection(SolutionProperties) = preSolution
		HideSolutionNode = FALSE
	EndGlobalSection
	GlobalSection(ExtensibilityGlobals) = postSolution
		SolutionGuid = {73145E2A-28F5-468E-B2C6-607088A860DC}
	EndGlobalSection
EndGlobal
